
Microsoft Visual Studio Solution File, Format Version 12.00
# Visual Studio Version 16
VisualStudioVersion = 16.0.29215.179
MinimumVisualStudioVersion = 10.0.40219.1
Project("{888888A0-9F3D-457C-B088-3A5042F75D52}") = "ss_vs2019", "ss_vs2019.pyproj", "{00A6F744-5664-4050-B4EA-6B324DC22FE3}"
EndProject
Global
	GlobalSection(SolutionConfigurationPlatforms) = preSolution
		Debug|Any CPU = Debug|Any CPU
		Release|Any CPU = Release|Any CPU
	EndGlobalSection
	GlobalSection(ProjectConfigurationPlatforms) = postSolution
		{00A6F744-5664-4050-B4EA-6B324DC22FE3}.Debug|Any CPU.ActiveCfg = Debug|Any CPU
		{00A6F744-5664-4050-B4EA-6B324DC22FE3}.Release|Any CPU.ActiveCfg = Release|Any CPU
	EndGlobalSection
	GlobalSection(SolutionProperties) = preSolution
		HideSolutionNode = FALSE
	EndGlobalSection
	GlobalSection(ExtensibilityGlobals) = postSolution
		SolutionGuid = {5494FC49-BC48-4DF7-AA9B-A6206D3D6069}
	EndGlobalSection
EndGlobal
